
Microsoft Visual Studio Solution File, Format Version 12.00
# Visual Studio Version 16
VisualStudioVersion = 16.0.30114.105
MinimumVisualStudioVersion = 10.0.40219.1
Project("{FAE04EC0-301F-11D3-BF4B-00C04F79EFBC}") = "JTForeverLearning", "JTForeverLearning\JTForeverLearning.csproj", "{A48D2DC8-EFCD-4626-BE2B-AA341DE390F7}"
EndProject
Global
	GlobalSection(SolutionConfigurationPlatforms) = preSolution
		Debug|Any CPU = Debug|Any CPU
		Release|Any CPU = Release|Any CPU
	EndGlobalSection
	GlobalSection(ProjectConfigurationPlatforms) = postSolution
		{A48D2DC8-EFCD-4626-BE2B-AA341DE390F7}.Debug|Any CPU.ActiveCfg = Release|Any CPU
		{A48D2DC8-EFCD-4626-BE2B-AA341DE390F7}.Debug|Any CPU.Build.0 = Release|Any CPU
		{A48D2DC8-EFCD-4626-BE2B-AA341DE390F7}.Release|Any CPU.ActiveCfg = Release|Any CPU
		{A48D2DC8-EFCD-4626-BE2B-AA341DE390F7}.Release|Any CPU.Build.0 = Release|Any CPU
	EndGlobalSection
	GlobalSection(SolutionProperties) = preSolution
		HideSolutionNode = FALSE
	EndGlobalSection
	GlobalSection(ExtensibilityGlobals) = postSolution
		SolutionGuid = {587066DB-3482-4A5F-A225-17356A7CDB55}
	EndGlobalSection
EndGlobal
